
Microsoft Visual Studio Solution File, Format Version 12.00
# Visual Studio 15
Project("{FAE04EC0-301F-11D3-BF4B-00C04F79EFBC}") = "VuforiaScripts", "VuforiaScripts.csproj", "{FA026D9C-FC69-4BC3-9984-DC1F72D56D7D}"
EndProject
Project("{FAE04EC0-301F-11D3-BF4B-00C04F79EFBC}") = "Assembly-CSharp", "Assembly-CSharp.csproj", "{F1E15AF7-70A6-3725-5530-7D44271F3F9E}"
EndProject
Project("{FAE04EC0-301F-11D3-BF4B-00C04F79EFBC}") = "Assembly-CSharp-Editor", "Assembly-CSharp-Editor.csproj", "{32FBF444-3309-4E46-6ECA-AF6D87CDA735}"
EndProject
Project("{FAE04EC0-301F-11D3-BF4B-00C04F79EFBC}") = "VuforiaEditorScripts", "VuforiaEditorScripts.csproj", "{48B48AC6-C7E2-534C-827F-ACB11B48E932}"
EndProject
Global
	GlobalSection(SolutionConfigurationPlatforms) = preSolution
		Debug|Any CPU = Debug|Any CPU
		Release|Any CPU = Release|Any CPU
	EndGlobalSection
	GlobalSection(ProjectConfigurationPlatforms) = postSolution
		{FA026D9C-FC69-4BC3-9984-DC1F72D56D7D}.Debug|Any CPU.ActiveCfg = Debug|Any CPU
		{FA026D9C-FC69-4BC3-9984-DC1F72D56D7D}.Debug|Any CPU.Build.0 = Debug|Any CPU
		{FA026D9C-FC69-4BC3-9984-DC1F72D56D7D}.Release|Any CPU.ActiveCfg = Release|Any CPU
		{FA026D9C-FC69-4BC3-9984-DC1F72D56D7D}.Release|Any CPU.Build.0 = Release|Any CPU
		{F1E15AF7-70A6-3725-5530-7D44271F3F9E}.Debug|Any CPU.ActiveCfg = Debug|Any CPU
		{F1E15AF7-70A6-3725-5530-7D44271F3F9E}.Debug|Any CPU.Build.0 = Debug|Any CPU
		{F1E15AF7-70A6-3725-5530-7D44271F3F9E}.Release|Any CPU.ActiveCfg = Release|Any CPU
		{F1E15AF7-70A6-3725-5530-7D44271F3F9E}.Release|Any CPU.Build.0 = Release|Any CPU
		{32FBF444-3309-4E46-6ECA-AF6D87CDA735}.Debug|Any CPU.ActiveCfg = Debug|Any CPU
		{32FBF444-3309-4E46-6ECA-AF6D87CDA735}.Debug|Any CPU.Build.0 = Debug|Any CPU
		{32FBF444-3309-4E46-6ECA-AF6D87CDA735}.Release|Any CPU.ActiveCfg = Release|Any CPU
		{32FBF444-3309-4E46-6ECA-AF6D87CDA735}.Release|Any CPU.Build.0 = Release|Any CPU
		{48B48AC6-C7E2-534C-827F-ACB11B48E932}.Debug|Any CPU.ActiveCfg = Debug|Any CPU
		{48B48AC6-C7E2-534C-827F-ACB11B48E932}.Debug|Any CPU.Build.0 = Debug|Any CPU
		{48B48AC6-C7E2-534C-827F-ACB11B48E932}.Release|Any CPU.ActiveCfg = Release|Any CPU
		{48B48AC6-C7E2-534C-827F-ACB11B48E932}.Release|Any CPU.Build.0 = Release|Any CPU
	EndGlobalSection
	GlobalSection(SolutionProperties) = preSolution
		HideSolutionNode = FALSE
	EndGlobalSection
EndGlobal
